
Microsoft Visual Studio Solution File, Format Version 12.00
# Visual Studio Version 17
VisualStudioVersion = 17.2.32602.215
MinimumVisualStudioVersion = 10.0.40219.1
Project("{FAE04EC0-301F-11D3-BF4B-00C04F79EFBC}") = "Domain", "Domain\Domain.csproj", "{60C6FA9F-546F-4886-AC95-3CB2657306CE}"
EndProject
Project("{FAE04EC0-301F-11D3-BF4B-00C04F79EFBC}") = "LibraryConsoleApp", "LibraryConsoleApp\LibraryConsoleApp.csproj", "{1DB3AB49-2698-4D8F-A1B0-DC2464B5C616}"
EndProject
Global
	GlobalSection(SolutionConfigurationPlatforms) = preSolution
		Debug|Any CPU = Debug|Any CPU
		Release|Any CPU = Release|Any CPU
	EndGlobalSection
	GlobalSection(ProjectConfigurationPlatforms) = postSolution
		{60C6FA9F-546F-4886-AC95-3CB2657306CE}.Debug|Any CPU.ActiveCfg = Debug|Any CPU
		{60C6FA9F-546F-4886-AC95-3CB2657306CE}.Debug|Any CPU.Build.0 = Debug|Any CPU
		{60C6FA9F-546F-4886-AC95-3CB2657306CE}.Release|Any CPU.ActiveCfg = Release|Any CPU
		{60C6FA9F-546F-4886-AC95-3CB2657306CE}.Release|Any CPU.Build.0 = Release|Any CPU
		{1DB3AB49-2698-4D8F-A1B0-DC2464B5C616}.Debug|Any CPU.ActiveCfg = Debug|Any CPU
		{1DB3AB49-2698-4D8F-A1B0-DC2464B5C616}.Debug|Any CPU.Build.0 = Debug|Any CPU
		{1DB3AB49-2698-4D8F-A1B0-DC2464B5C616}.Release|Any CPU.ActiveCfg = Release|Any CPU
		{1DB3AB49-2698-4D8F-A1B0-DC2464B5C616}.Release|Any CPU.Build.0 = Release|Any CPU
	EndGlobalSection
	GlobalSection(SolutionProperties) = preSolution
		HideSolutionNode = FALSE
	EndGlobalSection
	GlobalSection(ExtensibilityGlobals) = postSolution
		SolutionGuid = {C8ECC2E8-3DDD-420C-BB8D-D231F93119C0}
	EndGlobalSection
EndGlobal
